
Microsoft Visual Studio Solution File, Format Version 12.00
# Visual Studio Version 17
VisualStudioVersion = 17.0.31903.59
MinimumVisualStudioVersion = 10.0.40219.1
Project("{2150E333-8FDC-42A3-9474-1A3956D46DE8}") = "src", "src", "{F0C2E027-A5E6-4A41-B4CF-0590250922DE}"
EndProject
Project("{FAE04EC0-301F-11D3-BF4B-00C04F79EFBC}") = "PrintDev.Core", "src\PrintDev.Core\PrintDev.Core.csproj", "{0AB0EC7A-EB60-4A40-8EB4-50A1FBD7BDF7}"
EndProject
Project("{FAE04EC0-301F-11D3-BF4B-00C04F79EFBC}") = "PrintDev.App", "src\PrintDev.App\PrintDev.App.csproj", "{ABE7020D-D3CA-4653-8173-28F9C3BA6749}"
EndProject
Project("{2150E333-8FDC-42A3-9474-1A3956D46DE8}") = "tests", "tests", "{BDBE1749-0894-401F-82D7-36CB2D7AE9FA}"
EndProject
Project("{FAE04EC0-301F-11D3-BF4B-00C04F79EFBC}") = "PrintDev.Tests", "tests\PrintDev.Tests\PrintDev.Tests.csproj", "{4CDAD848-9E6A-45F1-ABC7-119961D4255B}"
EndProject
Global
	GlobalSection(SolutionConfigurationPlatforms) = preSolution
		Debug|Any CPU = Debug|Any CPU
		Release|Any CPU = Release|Any CPU
	EndGlobalSection
	GlobalSection(SolutionProperties) = preSolution
		HideSolutionNode = FALSE
	EndGlobalSection
	GlobalSection(ProjectConfigurationPlatforms) = postSolution
		{0AB0EC7A-EB60-4A40-8EB4-50A1FBD7BDF7}.Debug|Any CPU.ActiveCfg = Debug|Any CPU
		{0AB0EC7A-EB60-4A40-8EB4-50A1FBD7BDF7}.Debug|Any CPU.Build.0 = Debug|Any CPU
		{0AB0EC7A-EB60-4A40-8EB4-50A1FBD7BDF7}.Release|Any CPU.ActiveCfg = Release|Any CPU
		{0AB0EC7A-EB60-4A40-8EB4-50A1FBD7BDF7}.Release|Any CPU.Build.0 = Release|Any CPU
		{ABE7020D-D3CA-4653-8173-28F9C3BA6749}.Debug|Any CPU.ActiveCfg = Debug|Any CPU
		{ABE7020D-D3CA-4653-8173-28F9C3BA6749}.Debug|Any CPU.Build.0 = Debug|Any CPU
		{ABE7020D-D3CA-4653-8173-28F9C3BA6749}.Release|Any CPU.ActiveCfg = Release|Any CPU
		{ABE7020D-D3CA-4653-8173-28F9C3BA6749}.Release|Any CPU.Build.0 = Release|Any CPU
		{4CDAD848-9E6A-45F1-ABC7-119961D4255B}.Debug|Any CPU.ActiveCfg = Debug|Any CPU
		{4CDAD848-9E6A-45F1-ABC7-119961D4255B}.Debug|Any CPU.Build.0 = Debug|Any CPU
		{4CDAD848-9E6A-45F1-ABC7-119961D4255B}.Release|Any CPU.ActiveCfg = Release|Any CPU
		{4CDAD848-9E6A-45F1-ABC7-119961D4255B}.Release|Any CPU.Build.0 = Release|Any CPU
	EndGlobalSection
	GlobalSection(NestedProjects) = preSolution
		{0AB0EC7A-EB60-4A40-8EB4-50A1FBD7BDF7} = {F0C2E027-A5E6-4A41-B4CF-0590250922DE}
		{ABE7020D-D3CA-4653-8173-28F9C3BA6749} = {F0C2E027-A5E6-4A41-B4CF-0590250922DE}
		{4CDAD848-9E6A-45F1-ABC7-119961D4255B} = {BDBE1749-0894-401F-82D7-36CB2D7AE9FA}
	EndGlobalSection
EndGlobal
